// !$*UTF8*$!
{
	archiveVersion = 1;
	classes = {
	};
	objectVersion = 50;
	objects = {

/* Begin PBXBuildFile section */
		3733D82422B48849002062FE /* WBBladesObjectHeader.m in Sources */ = {isa = PBXBuildFile; fileRef = 3733D82322B48849002062FE /* WBBladesObjectHeader.m */; };
		3733D82722B48EC4002062FE /* WBBladesSymTab.m in Sources */ = {isa = PBXBuildFile; fileRef = 3733D82622B48EC4002062FE /* WBBladesSymTab.m */; };
		3733D82A22B4A6D3002062FE /* WBBladesStringTab.m in Sources */ = {isa = PBXBuildFile; fileRef = 3733D82922B4A6D3002062FE /* WBBladesStringTab.m */; };
		3733D82D22B4BB15002062FE /* WBBladesObject.m in Sources */ = {isa = PBXBuildFile; fileRef = 3733D82C22B4BB15002062FE /* WBBladesObject.m */; };
		3794EE7C22B3C71300D5DFA4 /* main.m in Sources */ = {isa = PBXBuildFile; fileRef = 3794EE7B22B3C71300D5DFA4 /* main.m */; };
		3794EE8A22B3C94200D5DFA4 /* WBBladesScanManager.mm in Sources */ = {isa = PBXBuildFile; fileRef = 3794EE8922B3C94200D5DFA4 /* WBBladesScanManager.mm */; };
		3794EE8D22B3C9AC00D5DFA4 /* WBBladesFileManager.m in Sources */ = {isa = PBXBuildFile; fileRef = 3794EE8C22B3C9AC00D5DFA4 /* WBBladesFileManager.m */; };
/* End PBXBuildFile section */

/* Begin PBXCopyFilesBuildPhase section */
		3794EE7622B3C71300D5DFA4 /* CopyFiles */ = {
			isa = PBXCopyFilesBuildPhase;
			buildActionMask = 2147483647;
			dstPath = /usr/share/man/man1/;
			dstSubfolderSpec = 0;
			files = (
			);
			runOnlyForDeploymentPostprocessing = 1;
		};
/* End PBXCopyFilesBuildPhase section */

/* Begin PBXFileReference section */
		3733D82222B48849002062FE /* WBBladesObjectHeader.h */ = {isa = PBXFileReference; lastKnownFileType = sourcecode.c.h; path = WBBladesObjectHeader.h; sourceTree = "<group>"; };
		3733D82322B48849002062FE /* WBBladesObjectHeader.m */ = {isa = PBXFileReference; lastKnownFileType = sourcecode.c.objc; path = WBBladesObjectHeader.m; sourceTree = "<group>"; };
		3733D82522B48EC4002062FE /* WBBladesSymTab.h */ = {isa = PBXFileReference; lastKnownFileType = sourcecode.c.h; path = WBBladesSymTab.h; sourceTree = "<group>"; };
		3733D82622B48EC4002062FE /* WBBladesSymTab.m */ = {isa = PBXFileReference; lastKnownFileType = sourcecode.c.objc; path = WBBladesSymTab.m; sourceTree = "<group>"; };
		3733D82822B4A6D3002062FE /* WBBladesStringTab.h */ = {isa = PBXFileReference; lastKnownFileType = sourcecode.c.h; path = WBBladesStringTab.h; sourceTree = "<group>"; };
		3733D82922B4A6D3002062FE /* WBBladesStringTab.m */ = {isa = PBXFileReference; lastKnownFileType = sourcecode.c.objc; path = WBBladesStringTab.m; sourceTree = "<group>"; };
		3733D82B22B4BB15002062FE /* WBBladesObject.h */ = {isa = PBXFileReference; lastKnownFileType = sourcecode.c.h; path = WBBladesObject.h; sourceTree = "<group>"; };
		3733D82C22B4BB15002062FE /* WBBladesObject.m */ = {isa = PBXFileReference; lastKnownFileType = sourcecode.c.objc; path = WBBladesObject.m; sourceTree = "<group>"; };
		3794EE7822B3C71300D5DFA4 /* WBBlades */ = {isa = PBXFileReference; explicitFileType = "compiled.mach-o.executable"; includeInIndex = 0; path = WBBlades; sourceTree = BUILT_PRODUCTS_DIR; };
		3794EE7B22B3C71300D5DFA4 /* main.m */ = {isa = PBXFileReference; lastKnownFileType = sourcecode.c.objc; path = main.m; sourceTree = "<group>"; };
		3794EE8822B3C94200D5DFA4 /* WBBladesScanManager.h */ = {isa = PBXFileReference; lastKnownFileType = sourcecode.c.h; path = WBBladesScanManager.h; sourceTree = "<group>"; };
		3794EE8922B3C94200D5DFA4 /* WBBladesScanManager.mm */ = {isa = PBXFileReference; lastKnownFileType = sourcecode.cpp.objcpp; path = WBBladesScanManager.mm; sourceTree = "<group>"; };
		3794EE8B22B3C9AC00D5DFA4 /* WBBladesFileManager.h */ = {isa = PBXFileReference; lastKnownFileType = sourcecode.c.h; path = WBBladesFileManager.h; sourceTree = "<group>"; };
		3794EE8C22B3C9AC00D5DFA4 /* WBBladesFileManager.m */ = {isa = PBXFileReference; lastKnownFileType = sourcecode.c.objc; path = WBBladesFileManager.m; sourceTree = "<group>"; };
/* End PBXFileReference section */

/* Begin PBXFrameworksBuildPhase section */
		3794EE7522B3C71300D5DFA4 /* Frameworks */ = {
			isa = PBXFrameworksBuildPhase;
			buildActionMask = 2147483647;
			files = (
			);
			runOnlyForDeploymentPostprocessing = 0;
		};
/* End PBXFrameworksBuildPhase section */

/* Begin PBXGroup section */
		3794EE6F22B3C71300D5DFA4 = {
			isa = PBXGroup;
			children = (
				3794EE7A22B3C71300D5DFA4 /* WBBlades */,
				3794EE7922B3C71300D5DFA4 /* Products */,
			);
			sourceTree = "<group>";
		};
		3794EE7922B3C71300D5DFA4 /* Products */ = {
			isa = PBXGroup;
			children = (
				3794EE7822B3C71300D5DFA4 /* WBBlades */,
			);
			name = Products;
			sourceTree = "<group>";
		};
		3794EE7A22B3C71300D5DFA4 /* WBBlades */ = {
			isa = PBXGroup;
			children = (
				3794EE7B22B3C71300D5DFA4 /* main.m */,
				3794EE8822B3C94200D5DFA4 /* WBBladesScanManager.h */,
				3794EE8922B3C94200D5DFA4 /* WBBladesScanManager.mm */,
				3794EE8B22B3C9AC00D5DFA4 /* WBBladesFileManager.h */,
				3794EE8C22B3C9AC00D5DFA4 /* WBBladesFileManager.m */,
				3733D82222B48849002062FE /* WBBladesObjectHeader.h */,
				3733D82322B48849002062FE /* WBBladesObjectHeader.m */,
				3733D82822B4A6D3002062FE /* WBBladesStringTab.h */,
				3733D82922B4A6D3002062FE /* WBBladesStringTab.m */,
				3733D82522B48EC4002062FE /* WBBladesSymTab.h */,
				3733D82622B48EC4002062FE /* WBBladesSymTab.m */,
				3733D82B22B4BB15002062FE /* WBBladesObject.h */,
				3733D82C22B4BB15002062FE /* WBBladesObject.m */,
			);
			path = WBBlades;
			sourceTree = "<group>";
		};
/* End PBXGroup section */

/* Begin PBXNativeTarget section */
		3794EE7722B3C71300D5DFA4 /* WBBlades */ = {
			isa = PBXNativeTarget;
			buildConfigurationList = 3794EE7F22B3C71300D5DFA4 /* Build configuration list for PBXNativeTarget "WBBlades" */;
			buildPhases = (
				3794EE7422B3C71300D5DFA4 /* Sources */,
				3794EE7522B3C71300D5DFA4 /* Frameworks */,
				3794EE7622B3C71300D5DFA4 /* CopyFiles */,
			);
			buildRules = (
			);
			dependencies = (
			);
			name = WBBlades;
			productName = WBBlades;
			productReference = 3794EE7822B3C71300D5DFA4 /* WBBlades */;
			productType = "com.apple.product-type.tool";
		};
/* End PBXNativeTarget section */

/* Begin PBXProject section */
		3794EE7022B3C71300D5DFA4 /* Project object */ = {
			isa = PBXProject;
			attributes = {
				LastUpgradeCheck = 1010;
				ORGANIZATIONNAME = "邓竹立";
				TargetAttributes = {
					3794EE7722B3C71300D5DFA4 = {
						CreatedOnToolsVersion = 10.1;
					};
				};
			};
			buildConfigurationList = 3794EE7322B3C71300D5DFA4 /* Build configuration list for PBXProject "WBBlades" */;
			compatibilityVersion = "Xcode 9.3";
			developmentRegion = en;
			hasScannedForEncodings = 0;
			knownRegions = (
				en,
			);
			mainGroup = 3794EE6F22B3C71300D5DFA4;
			productRefGroup = 3794EE7922B3C71300D5DFA4 /* Products */;
			projectDirPath = "";
			projectRoot = "";
			targets = (
				3794EE7722B3C71300D5DFA4 /* WBBlades */,
			);
		};
/* End PBXProject section */

/* Begin PBXSourcesBuildPhase section */
		3794EE7422B3C71300D5DFA4 /* Sources */ = {
			isa = PBXSourcesBuildPhase;
			buildActionMask = 2147483647;
			files = (
				3733D82A22B4A6D3002062FE /* WBBladesStringTab.m in Sources */,
				3733D82722B48EC4002062FE /* WBBladesSymTab.m in Sources */,
				3794EE8D22B3C9AC00D5DFA4 /* WBBladesFileManager.m in Sources */,
				3733D82D22B4BB15002062FE /* WBBladesObject.m in Sources */,
				3733D82422B48849002062FE /* WBBladesObjectHeader.m in Sources */,
				3794EE8A22B3C94200D5DFA4 /* WBBladesScanManager.mm in Sources */,
				3794EE7C22B3C71300D5DFA4 /* main.m in Sources */,
			);
			runOnlyForDeploymentPostprocessing = 0;
		};
/* End PBXSourcesBuildPhase section */

/* Begin XCBuildConfiguration section */
		3794EE7D22B3C71300D5DFA4 /* Debug */ = {
			isa = XCBuildConfiguration;
			buildSettings = {
				ALWAYS_SEARCH_USER_PATHS = NO;
				CLANG_ANALYZER_NONNULL = YES;
				CLANG_ANALYZER_NUMBER_OBJECT_CONVERSION = YES_AGGRESSIVE;
				CLANG_CXX_LANGUAGE_STANDARD = "gnu++14";
				CLANG_CXX_LIBRARY = "libc++";
				CLANG_ENABLE_MODULES = YES;
				CLANG_ENABLE_OBJC_ARC = YES;
				CLANG_ENABLE_OBJC_WEAK = YES;
				CLANG_WARN_BLOCK_CAPTURE_AUTORELEASING = YES;
				CLANG_WARN_BOOL_CONVERSION = YES;
				CLANG_WARN_COMMA = YES;
				CLANG_WARN_CONSTANT_CONVERSION = YES;
				CLANG_WARN_DEPRECATED_OBJC_IMPLEMENTATIONS = YES;
				CLANG_WARN_DIRECT_OBJC_ISA_USAGE = YES_ERROR;
				CLANG_WARN_DOCUMENTATION_COMMENTS = YES;
				CLANG_WARN_EMPTY_BODY = YES;
				CLANG_WARN_ENUM_CONVERSION = YES;
				CLANG_WARN_INFINITE_RECURSION = YES;
				CLANG_WARN_INT_CONVERSION = YES;
				CLANG_WARN_NON_LITERAL_NULL_CONVERSION = YES;
				CLANG_WARN_OBJC_IMPLICIT_RETAIN_SELF = YES;
				CLANG_WARN_OBJC_LITERAL_CONVERSION = YES;
				CLANG_WARN_OBJC_ROOT_CLASS = YES_ERROR;
				CLANG_WARN_RANGE_LOOP_ANALYSIS = YES;
				CLANG_WARN_STRICT_PROTOTYPES = YES;
				CLANG_WARN_SUSPICIOUS_MOVE = YES;
				CLANG_WARN_UNGUARDED_AVAILABILITY = YES_AGGRESSIVE;
				CLANG_WARN_UNREACHABLE_CODE = YES;
				CLANG_WARN__DUPLICATE_METHOD_MATCH = YES;
				CODE_SIGN_IDENTITY = "Mac Developer";
				COPY_PHASE_STRIP = NO;
				DEBUG_INFORMATION_FORMAT = dwarf;
				ENABLE_STRICT_OBJC_MSGSEND = YES;
				ENABLE_TESTABILITY = YES;
				GCC_C_LANGUAGE_STANDARD = gnu11;
				GCC_DYNAMIC_NO_PIC = NO;
				GCC_NO_COMMON_BLOCKS = YES;
				GCC_OPTIMIZATION_LEVEL = 0;
				GCC_PREPROCESSOR_DEFINITIONS = (
					"DEBUG=1",
					"$(inherited)",
				);
				GCC_WARN_64_TO_32_BIT_CONVERSION = YES;
				GCC_WARN_ABOUT_RETURN_TYPE = YES_ERROR;
				GCC_WARN_UNDECLARED_SELECTOR = YES;
				GCC_WARN_UNINITIALIZED_AUTOS = YES_AGGRESSIVE;
				GCC_WARN_UNUSED_FUNCTION = YES;
				GCC_WARN_UNUSED_VARIABLE = YES;
				MACOSX_DEPLOYMENT_TARGET = 10.14;
				MTL_ENABLE_DEBUG_INFO = INCLUDE_SOURCE;
				MTL_FAST_MATH = YES;
				ONLY_ACTIVE_ARCH = YES;
				SDKROOT = macosx;
			};
			name = Debug;
		};
		3794EE7E22B3C71300D5DFA4 /* Release */ = {
			isa = XCBuildConfiguration;
			buildSettings = {
				ALWAYS_SEARCH_USER_PATHS = NO;
				CLANG_ANALYZER_NONNULL = YES;
				CLANG_ANALYZER_NUMBER_OBJECT_CONVERSION = YES_AGGRESSIVE;
				CLANG_CXX_LANGUAGE_STANDARD = "gnu++14";
				CLANG_CXX_LIBRARY = "libc++";
				CLANG_ENABLE_MODULES = YES;
				CLANG_ENABLE_OBJC_ARC = YES;
				CLANG_ENABLE_OBJC_WEAK = YES;
				CLANG_WARN_BLOCK_CAPTURE_AUTORELEASING = YES;
				CLANG_WARN_BOOL_CONVERSION = YES;
				CLANG_WARN_COMMA = YES;
				CLANG_WARN_CONSTANT_CONVERSION = YES;
				CLANG_WARN_DEPRECATED_OBJC_IMPLEMENTATIONS = YES;
				CLANG_WARN_DIRECT_OBJC_ISA_USAGE = YES_ERROR;
				CLANG_WARN_DOCUMENTATION_COMMENTS = YES;
				CLANG_WARN_EMPTY_BODY = YES;
				CLANG_WARN_ENUM_CONVERSION = YES;
				CLANG_WARN_INFINITE_RECURSION = YES;
				CLANG_WARN_INT_CONVERSION = YES;
				CLANG_WARN_NON_LITERAL_NULL_CONVERSION = YES;
				CLANG_WARN_OBJC_IMPLICIT_RETAIN_SELF = YES;
				CLANG_WARN_OBJC_LITERAL_CONVERSION = YES;
				CLANG_WARN_OBJC_ROOT_CLASS = YES_ERROR;
				CLANG_WARN_RANGE_LOOP_ANALYSIS = YES;
				CLANG_WARN_STRICT_PROTOTYPES = YES;
				CLANG_WARN_SUSPICIOUS_MOVE = YES;
				CLANG_WARN_UNGUARDED_AVAILABILITY = YES_AGGRESSIVE;
				CLANG_WARN_UNREACHABLE_CODE = YES;
				CLANG_WARN__DUPLICATE_METHOD_MATCH = YES;
				CODE_SIGN_IDENTITY = "Mac Developer";
				COPY_PHASE_STRIP = NO;
				DEBUG_INFORMATION_FORMAT = "dwarf-with-dsym";
				ENABLE_NS_ASSERTIONS = NO;
				ENABLE_STRICT_OBJC_MSGSEND = YES;
				GCC_C_LANGUAGE_STANDARD = gnu11;
				GCC_NO_COMMON_BLOCKS = YES;
				GCC_WARN_64_TO_32_BIT_CONVERSION = YES;
				GCC_WARN_ABOUT_RETURN_TYPE = YES_ERROR;
				GCC_WARN_UNDECLARED_SELECTOR = YES;
				GCC_WARN_UNINITIALIZED_AUTOS = YES_AGGRESSIVE;
				GCC_WARN_UNUSED_FUNCTION = YES;
				GCC_WARN_UNUSED_VARIABLE = YES;
				MACOSX_DEPLOYMENT_TARGET = 10.14;
				MTL_ENABLE_DEBUG_INFO = NO;
				MTL_FAST_MATH = YES;
				SDKROOT = macosx;
			};
			name = Release;
		};
		3794EE8022B3C71300D5DFA4 /* Debug */ = {
			isa = XCBuildConfiguration;
			buildSettings = {
				CODE_SIGN_STYLE = Automatic;
				DEVELOPMENT_TEAM = EJA352Y795;
				PRODUCT_NAME = "$(TARGET_NAME)";
			};
			name = Debug;
		};
		3794EE8122B3C71300D5DFA4 /* Release */ = {
			isa = XCBuildConfiguration;
			buildSettings = {
				CODE_SIGN_STYLE = Automatic;
				DEVELOPMENT_TEAM = EJA352Y795;
				PRODUCT_NAME = "$(TARGET_NAME)";
			};
			name = Release;
		};
/* End XCBuildConfiguration section */

/* Begin XCConfigurationList section */
		3794EE7322B3C71300D5DFA4 /* Build configuration list for PBXProject "WBBlades" */ = {
			isa = XCConfigurationList;
			buildConfigurations = (
				3794EE7D22B3C71300D5DFA4 /* Debug */,
				3794EE7E22B3C71300D5DFA4 /* Release */,
			);
			defaultConfigurationIsVisible = 0;
			defaultConfigurationName = Release;
		};
		3794EE7F22B3C71300D5DFA4 /* Build configuration list for PBXNativeTarget "WBBlades" */ = {
			isa = XCConfigurationList;
			buildConfigurations = (
				3794EE8022B3C71300D5DFA4 /* Debug */,
				3794EE8122B3C71300D5DFA4 /* Release */,
			);
			defaultConfigurationIsVisible = 0;
			defaultConfigurationName = Release;
		};
/* End XCConfigurationList section */
	};
	rootObject = 3794EE7022B3C71300D5DFA4 /* Project object */;
}
