// !$*UTF8*$!
{
	archiveVersion = 1;
	classes = {
	};
	objectVersion = 55;
	objects = {

/* Begin PBXBuildFile section */
		1F6BF5647E482D5948595F70 /* libPods-WBBladesCrashApp.a in Frameworks */ = {isa = PBXBuildFile; fileRef = B4D62D634BE50B2A64609FC5 /* libPods-WBBladesCrashApp.a */; };
		3C0A16192CB101D2159356DC /* libPods-WBBlades.a in Frameworks */ = {isa = PBXBuildFile; fileRef = 06FDB18122F049E93366912D /* libPods-WBBlades.a */; };
		769C8C91280519A3001C55B5 /* BladesUnusedClassCheckViewController.swift in Sources */ = {isa = PBXBuildFile; fileRef = 769C8C8F280519A3001C55B5 /* BladesUnusedClassCheckViewController.swift */; };
		769C8C92280519A3001C55B5 /* BladesUnusedClassCheckViewController.xib in Resources */ = {isa = PBXBuildFile; fileRef = 769C8C90280519A3001C55B5 /* BladesUnusedClassCheckViewController.xib */; };
		769C8C94280573CF001C55B5 /* libswiftDemangle.tbd in Frameworks */ = {isa = PBXBuildFile; fileRef = 769C8C93280573CF001C55B5 /* libswiftDemangle.tbd */; };
		769C8C95280575FB001C55B5 /* libswiftDemangle.tbd in Frameworks */ = {isa = PBXBuildFile; fileRef = 769C8C93280573CF001C55B5 /* libswiftDemangle.tbd */; };
		9580F8352924D73500266BBC /* TextDictionary.swift in Sources */ = {isa = PBXBuildFile; fileRef = 9580F8342924D73500266BBC /* TextDictionary.swift */; };
		B60E1EAB280058E400D7A1A2 /* AppDelegate.swift in Sources */ = {isa = PBXBuildFile; fileRef = B60E1EAA280058E400D7A1A2 /* AppDelegate.swift */; };
		B60E1EAD280058E400D7A1A2 /* ViewController.swift in Sources */ = {isa = PBXBuildFile; fileRef = B60E1EAC280058E400D7A1A2 /* ViewController.swift */; };
		B60E1EAF280058E600D7A1A2 /* Assets.xcassets in Resources */ = {isa = PBXBuildFile; fileRef = B60E1EAE280058E600D7A1A2 /* Assets.xcassets */; };
		B650F3AB286E8C00003007A0 /* libstdc++.6.0.9.tbd in Frameworks */ = {isa = PBXBuildFile; fileRef = B650F3A9286E8B38003007A0 /* libstdc++.6.0.9.tbd */; };
		B650F3AC286E94F3003007A0 /* libstdc++.6.0.9.tbd in Frameworks */ = {isa = PBXBuildFile; fileRef = B650F3A9286E8B38003007A0 /* libstdc++.6.0.9.tbd */; };
		B67CCDA728F2C9E3007CF975 /* BladesAutoHookViewController.swift in Sources */ = {isa = PBXBuildFile; fileRef = B67CCDA528F2C9E3007CF975 /* BladesAutoHookViewController.swift */; };
		B67CCDA828F2C9E3007CF975 /* BladesAutoHookViewController.xib in Resources */ = {isa = PBXBuildFile; fileRef = B67CCDA628F2C9E3007CF975 /* BladesAutoHookViewController.xib */; };
		B68D40BB2803D4C900576C5A /* Main.storyboard in Resources */ = {isa = PBXBuildFile; fileRef = B68D40BA2803D4C900576C5A /* Main.storyboard */; };
		B68D40BD2803D70900576C5A /* LogTextView.swift in Sources */ = {isa = PBXBuildFile; fileRef = B68D40BC2803D70900576C5A /* LogTextView.swift */; };
		B68D40C62803D75700576C5A /* LanguageText.plist in Resources */ = {isa = PBXBuildFile; fileRef = B68D40C02803D75600576C5A /* LanguageText.plist */; };
		B68D40C72803D75700576C5A /* HelpViewManager.swift in Sources */ = {isa = PBXBuildFile; fileRef = B68D40C22803D75600576C5A /* HelpViewManager.swift */; };
		B68D40C82803D75700576C5A /* SystemCrash.plist in Resources */ = {isa = PBXBuildFile; fileRef = B68D40C32803D75600576C5A /* SystemCrash.plist */; };
		B68D40C92803D75700576C5A /* BuglyCrash.plist in Resources */ = {isa = PBXBuildFile; fileRef = B68D40C42803D75600576C5A /* BuglyCrash.plist */; };
		B68D40CA2803D75700576C5A /* HelpViewController.swift in Sources */ = {isa = PBXBuildFile; fileRef = B68D40C52803D75600576C5A /* HelpViewController.swift */; };
		B68D40CC2803D7BD00576C5A /* BladesViewController.swift in Sources */ = {isa = PBXBuildFile; fileRef = B68D40CB2803D7BD00576C5A /* BladesViewController.swift */; };
		B68D40D7280402D800576C5A /* BladesDispatchViewController.swift in Sources */ = {isa = PBXBuildFile; fileRef = B68D40D5280402D800576C5A /* BladesDispatchViewController.swift */; };
		B68D40D8280402D800576C5A /* BladesDispatchViewController.xib in Resources */ = {isa = PBXBuildFile; fileRef = B68D40D6280402D800576C5A /* BladesDispatchViewController.xib */; };
		B68D40DF2804147600576C5A /* BladesLibrarySizeViewController.swift in Sources */ = {isa = PBXBuildFile; fileRef = B68D40DD2804147600576C5A /* BladesLibrarySizeViewController.swift */; };
		B68D40E02804147600576C5A /* BladesLibrarySizeViewController.xib in Resources */ = {isa = PBXBuildFile; fileRef = B68D40DE2804147600576C5A /* BladesLibrarySizeViewController.xib */; };
		B6D6010628005CEB00286E6A /* main.m in Sources */ = {isa = PBXBuildFile; fileRef = B6D6010528005CEB00286E6A /* main.m */; };
		B6F86B5728068CA4006BAA34 /* Utilities.swift in Sources */ = {isa = PBXBuildFile; fileRef = B6F86B5628068CA4006BAA34 /* Utilities.swift */; };
		B6F86B5A2806901A006BAA34 /* SYFlatButton.m in Sources */ = {isa = PBXBuildFile; fileRef = B6F86B582806901A006BAA34 /* SYFlatButton.m */; };
		B6FA8D3228C74593001CE971 /* CaptainHook.txt in Resources */ = {isa = PBXBuildFile; fileRef = B6FA8D3128C74593001CE971 /* CaptainHook.txt */; };
/* End PBXBuildFile section */

/* Begin PBXCopyFilesBuildPhase section */
		B6D6010128005CEB00286E6A /* CopyFiles */ = {
			isa = PBXCopyFilesBuildPhase;
			buildActionMask = 2147483647;
			dstPath = /usr/share/man/man1/;
			dstSubfolderSpec = 0;
			files = (
			);
			runOnlyForDeploymentPostprocessing = 1;
		};
/* End PBXCopyFilesBuildPhase section */

/* Begin PBXFileReference section */
		06FDB18122F049E93366912D /* libPods-WBBlades.a */ = {isa = PBXFileReference; explicitFileType = archive.ar; includeInIndex = 0; path = "libPods-WBBlades.a"; sourceTree = BUILT_PRODUCTS_DIR; };
		090B6012A2DBEEE073206387 /* Pods-WBBladesCrashApp.debug.xcconfig */ = {isa = PBXFileReference; includeInIndex = 1; lastKnownFileType = text.xcconfig; name = "Pods-WBBladesCrashApp.debug.xcconfig"; path = "Target Support Files/Pods-WBBladesCrashApp/Pods-WBBladesCrashApp.debug.xcconfig"; sourceTree = "<group>"; };
		33D9340F0B739868BBFB3E57 /* Pods-WBBlades.release.xcconfig */ = {isa = PBXFileReference; includeInIndex = 1; lastKnownFileType = text.xcconfig; name = "Pods-WBBlades.release.xcconfig"; path = "Target Support Files/Pods-WBBlades/Pods-WBBlades.release.xcconfig"; sourceTree = "<group>"; };
		769C8C8F280519A3001C55B5 /* BladesUnusedClassCheckViewController.swift */ = {isa = PBXFileReference; lastKnownFileType = sourcecode.swift; path = BladesUnusedClassCheckViewController.swift; sourceTree = "<group>"; };
		769C8C90280519A3001C55B5 /* BladesUnusedClassCheckViewController.xib */ = {isa = PBXFileReference; lastKnownFileType = file.xib; path = BladesUnusedClassCheckViewController.xib; sourceTree = "<group>"; };
		769C8C93280573CF001C55B5 /* libswiftDemangle.tbd */ = {isa = PBXFileReference; lastKnownFileType = "sourcecode.text-based-dylib-definition"; name = libswiftDemangle.tbd; path = usr/lib/swift/libswiftDemangle.tbd; sourceTree = SDKROOT; };
		8BF5130117F4725AFFD3A177 /* Pods-WBBlades.debug.xcconfig */ = {isa = PBXFileReference; includeInIndex = 1; lastKnownFileType = text.xcconfig; name = "Pods-WBBlades.debug.xcconfig"; path = "Target Support Files/Pods-WBBlades/Pods-WBBlades.debug.xcconfig"; sourceTree = "<group>"; };
		9580F8342924D73500266BBC /* TextDictionary.swift */ = {isa = PBXFileReference; fileEncoding = 4; lastKnownFileType = sourcecode.swift; path = TextDictionary.swift; sourceTree = "<group>"; };
		B4D62D634BE50B2A64609FC5 /* libPods-WBBladesCrashApp.a */ = {isa = PBXFileReference; explicitFileType = archive.ar; includeInIndex = 0; path = "libPods-WBBladesCrashApp.a"; sourceTree = BUILT_PRODUCTS_DIR; };
		B602FBF2280966FB00D7E923 /* WBBladesCrashApp.entitlements */ = {isa = PBXFileReference; lastKnownFileType = text.plist.entitlements; path = WBBladesCrashApp.entitlements; sourceTree = "<group>"; };
		B602FBF32809671200D7E923 /* WBBladesRelease.entitlements */ = {isa = PBXFileReference; lastKnownFileType = text.plist.entitlements; path = WBBladesRelease.entitlements; sourceTree = "<group>"; };
		B60E1EA7280058E400D7A1A2 /* WBBladesCrashApp.app */ = {isa = PBXFileReference; explicitFileType = wrapper.application; includeInIndex = 0; path = WBBladesCrashApp.app; sourceTree = BUILT_PRODUCTS_DIR; };
		B60E1EAA280058E400D7A1A2 /* AppDelegate.swift */ = {isa = PBXFileReference; lastKnownFileType = sourcecode.swift; path = AppDelegate.swift; sourceTree = "<group>"; };
		B60E1EAC280058E400D7A1A2 /* ViewController.swift */ = {isa = PBXFileReference; lastKnownFileType = sourcecode.swift; path = ViewController.swift; sourceTree = "<group>"; };
		B60E1EAE280058E600D7A1A2 /* Assets.xcassets */ = {isa = PBXFileReference; lastKnownFileType = folder.assetcatalog; path = Assets.xcassets; sourceTree = "<group>"; };
		B60E1EB3280058E600D7A1A2 /* WBBlades.entitlements */ = {isa = PBXFileReference; lastKnownFileType = text.plist.entitlements; path = WBBlades.entitlements; sourceTree = "<group>"; };
		B614F81C2809611500F21403 /* WBBladesCrashAppDebug.entitlements */ = {isa = PBXFileReference; lastKnownFileType = text.plist.entitlements; path = WBBladesCrashAppDebug.entitlements; sourceTree = "<group>"; };
		B650F3A4286E8ADD003007A0 /* libstdc++.6.tbd */ = {isa = PBXFileReference; lastKnownFileType = "sourcecode.text-based-dylib-definition"; name = "libstdc++.6.tbd"; path = "../../libstdc--master/3/libstdc++.6.tbd"; sourceTree = "<group>"; };
		B650F3A6286E8B06003007A0 /* libstdc++.6.tbd */ = {isa = PBXFileReference; lastKnownFileType = "sourcecode.text-based-dylib-definition"; name = "libstdc++.6.tbd"; path = "usr/lib/libstdc++.6.tbd"; sourceTree = SDKROOT; };
		B650F3A9286E8B38003007A0 /* libstdc++.6.0.9.tbd */ = {isa = PBXFileReference; fileEncoding = 4; lastKnownFileType = "sourcecode.text-based-dylib-definition"; path = "libstdc++.6.0.9.tbd"; sourceTree = "<group>"; };
		B67CCDA528F2C9E3007CF975 /* BladesAutoHookViewController.swift */ = {isa = PBXFileReference; lastKnownFileType = sourcecode.swift; path = BladesAutoHookViewController.swift; sourceTree = "<group>"; };
		B67CCDA628F2C9E3007CF975 /* BladesAutoHookViewController.xib */ = {isa = PBXFileReference; lastKnownFileType = file.xib; path = BladesAutoHookViewController.xib; sourceTree = "<group>"; };
		B682E9152865C7A800AC56AC /* libstdc++.6.0.9.tbd */ = {isa = PBXFileReference; lastKnownFileType = "sourcecode.text-based-dylib-definition"; name = "libstdc++.6.0.9.tbd"; path = "usr/lib/libstdc++.6.0.9.tbd"; sourceTree = SDKROOT; };
		B68D40BA2803D4C900576C5A /* Main.storyboard */ = {isa = PBXFileReference; fileEncoding = 4; lastKnownFileType = file.storyboard; path = Main.storyboard; sourceTree = "<group>"; };
		B68D40BC2803D70900576C5A /* LogTextView.swift */ = {isa = PBXFileReference; fileEncoding = 4; lastKnownFileType = sourcecode.swift; path = LogTextView.swift; sourceTree = "<group>"; };
		B68D40C02803D75600576C5A /* LanguageText.plist */ = {isa = PBXFileReference; fileEncoding = 4; lastKnownFileType = text.plist.xml; path = LanguageText.plist; sourceTree = "<group>"; };
		B68D40C22803D75600576C5A /* HelpViewManager.swift */ = {isa = PBXFileReference; fileEncoding = 4; lastKnownFileType = sourcecode.swift; path = HelpViewManager.swift; sourceTree = "<group>"; };
		B68D40C32803D75600576C5A /* SystemCrash.plist */ = {isa = PBXFileReference; fileEncoding = 4; lastKnownFileType = text.plist.xml; path = SystemCrash.plist; sourceTree = "<group>"; };
		B68D40C42803D75600576C5A /* BuglyCrash.plist */ = {isa = PBXFileReference; fileEncoding = 4; lastKnownFileType = text.plist.xml; path = BuglyCrash.plist; sourceTree = "<group>"; };
		B68D40C52803D75600576C5A /* HelpViewController.swift */ = {isa = PBXFileReference; fileEncoding = 4; lastKnownFileType = sourcecode.swift; path = HelpViewController.swift; sourceTree = "<group>"; };
		B68D40CB2803D7BD00576C5A /* BladesViewController.swift */ = {isa = PBXFileReference; lastKnownFileType = sourcecode.swift; path = BladesViewController.swift; sourceTree = "<group>"; };
		B68D40D5280402D800576C5A /* BladesDispatchViewController.swift */ = {isa = PBXFileReference; lastKnownFileType = sourcecode.swift; path = BladesDispatchViewController.swift; sourceTree = "<group>"; };
		B68D40D6280402D800576C5A /* BladesDispatchViewController.xib */ = {isa = PBXFileReference; lastKnownFileType = file.xib; path = BladesDispatchViewController.xib; sourceTree = "<group>"; };
		B68D40DD2804147600576C5A /* BladesLibrarySizeViewController.swift */ = {isa = PBXFileReference; lastKnownFileType = sourcecode.swift; path = BladesLibrarySizeViewController.swift; sourceTree = "<group>"; };
		B68D40DE2804147600576C5A /* BladesLibrarySizeViewController.xib */ = {isa = PBXFileReference; lastKnownFileType = file.xib; path = BladesLibrarySizeViewController.xib; sourceTree = "<group>"; };
		B68D40E3280423FC00576C5A /* WBBladesCrashApp-Bridging-Header.h */ = {isa = PBXFileReference; lastKnownFileType = sourcecode.c.h; path = "WBBladesCrashApp-Bridging-Header.h"; sourceTree = "<group>"; };
		B6D6010328005CEB00286E6A /* blades */ = {isa = PBXFileReference; explicitFileType = "compiled.mach-o.executable"; includeInIndex = 0; path = blades; sourceTree = BUILT_PRODUCTS_DIR; };
		B6D6010528005CEB00286E6A /* main.m */ = {isa = PBXFileReference; lastKnownFileType = sourcecode.c.objc; path = main.m; sourceTree = "<group>"; };
		B6E06C78280968B000F7A0E5 /* Info.plist */ = {isa = PBXFileReference; fileEncoding = 4; lastKnownFileType = text.plist.xml; path = Info.plist; sourceTree = "<group>"; };
		B6F86B5628068CA4006BAA34 /* Utilities.swift */ = {isa = PBXFileReference; fileEncoding = 4; lastKnownFileType = sourcecode.swift; path = Utilities.swift; sourceTree = "<group>"; };
		B6F86B582806901A006BAA34 /* SYFlatButton.m */ = {isa = PBXFileReference; fileEncoding = 4; lastKnownFileType = sourcecode.c.objc; path = SYFlatButton.m; sourceTree = "<group>"; };
		B6F86B592806901A006BAA34 /* SYFlatButton.h */ = {isa = PBXFileReference; fileEncoding = 4; lastKnownFileType = sourcecode.c.h; path = SYFlatButton.h; sourceTree = "<group>"; };
		B6FA8D3128C74593001CE971 /* CaptainHook.txt */ = {isa = PBXFileReference; fileEncoding = 4; lastKnownFileType = text; name = CaptainHook.txt; path = WBBlades/CaptainHook.txt; sourceTree = SOURCE_ROOT; };
		C52B6F9D8034FFD07637D05B /* Pods-WBBladesCrashApp.release.xcconfig */ = {isa = PBXFileReference; includeInIndex = 1; lastKnownFileType = text.xcconfig; name = "Pods-WBBladesCrashApp.release.xcconfig"; path = "Target Support Files/Pods-WBBladesCrashApp/Pods-WBBladesCrashApp.release.xcconfig"; sourceTree = "<group>"; };
/* End PBXFileReference section */

/* Begin PBXFrameworksBuildPhase section */
		B60E1EA4280058E400D7A1A2 /* Frameworks */ = {
			isa = PBXFrameworksBuildPhase;
			buildActionMask = 2147483647;
			files = (
				769C8C95280575FB001C55B5 /* libswiftDemangle.tbd in Frameworks */,
				1F6BF5647E482D5948595F70 /* libPods-WBBladesCrashApp.a in Frameworks */,
				B650F3AB286E8C00003007A0 /* libstdc++.6.0.9.tbd in Frameworks */,
			);
			runOnlyForDeploymentPostprocessing = 0;
		};
		B6D6010028005CEB00286E6A /* Frameworks */ = {
			isa = PBXFrameworksBuildPhase;
			buildActionMask = 2147483647;
			files = (
				769C8C94280573CF001C55B5 /* libswiftDemangle.tbd in Frameworks */,
				3C0A16192CB101D2159356DC /* libPods-WBBlades.a in Frameworks */,
				B650F3AC286E94F3003007A0 /* libstdc++.6.0.9.tbd in Frameworks */,
			);
			runOnlyForDeploymentPostprocessing = 0;
		};
/* End PBXFrameworksBuildPhase section */

/* Begin PBXGroup section */
		0205252FF908A4373B673D24 /* Pods */ = {
			isa = PBXGroup;
			children = (
				8BF5130117F4725AFFD3A177 /* Pods-WBBlades.debug.xcconfig */,
				33D9340F0B739868BBFB3E57 /* Pods-WBBlades.release.xcconfig */,
				090B6012A2DBEEE073206387 /* Pods-WBBladesCrashApp.debug.xcconfig */,
				C52B6F9D8034FFD07637D05B /* Pods-WBBladesCrashApp.release.xcconfig */,
			);
			path = Pods;
			sourceTree = "<group>";
		};
		66FD5F89F9E47AAF8EBA1018 /* Frameworks */ = {
			isa = PBXGroup;
			children = (
				B650F3A4286E8ADD003007A0 /* libstdc++.6.tbd */,
				B650F3A6286E8B06003007A0 /* libstdc++.6.tbd */,
				B682E9152865C7A800AC56AC /* libstdc++.6.0.9.tbd */,
				769C8C93280573CF001C55B5 /* libswiftDemangle.tbd */,
				06FDB18122F049E93366912D /* libPods-WBBlades.a */,
				B4D62D634BE50B2A64609FC5 /* libPods-WBBladesCrashApp.a */,
			);
			name = Frameworks;
			sourceTree = "<group>";
		};
		B60E1E9E280058E400D7A1A2 = {
			isa = PBXGroup;
			children = (
				B650F3A9286E8B38003007A0 /* libstdc++.6.0.9.tbd */,
				B60E1EA9280058E400D7A1A2 /* WBBladesCrashApp */,
				B6D6010428005CEB00286E6A /* WBBlades */,
				B60E1EA8280058E400D7A1A2 /* Products */,
				0205252FF908A4373B673D24 /* Pods */,
				66FD5F89F9E47AAF8EBA1018 /* Frameworks */,
			);
			sourceTree = "<group>";
		};
		B60E1EA8280058E400D7A1A2 /* Products */ = {
			isa = PBXGroup;
			children = (
				B60E1EA7280058E400D7A1A2 /* WBBladesCrashApp.app */,
				B6D6010328005CEB00286E6A /* blades */,
			);
			name = Products;
			sourceTree = "<group>";
		};
		B60E1EA9280058E400D7A1A2 /* WBBladesCrashApp */ = {
			isa = PBXGroup;
			children = (
				B6E06C78280968B000F7A0E5 /* Info.plist */,
				B602FBF2280966FB00D7E923 /* WBBladesCrashApp.entitlements */,
				B614F81C2809611500F21403 /* WBBladesCrashAppDebug.entitlements */,
				B60E1EAA280058E400D7A1A2 /* AppDelegate.swift */,
				B60E1EAC280058E400D7A1A2 /* ViewController.swift */,
				B68D40CB2803D7BD00576C5A /* BladesViewController.swift */,
				B68D40D5280402D800576C5A /* BladesDispatchViewController.swift */,
				B68D40D6280402D800576C5A /* BladesDispatchViewController.xib */,
				B68D40DD2804147600576C5A /* BladesLibrarySizeViewController.swift */,
				B68D40DE2804147600576C5A /* BladesLibrarySizeViewController.xib */,
				B68D40E3280423FC00576C5A /* WBBladesCrashApp-Bridging-Header.h */,
				769C8C8F280519A3001C55B5 /* BladesUnusedClassCheckViewController.swift */,
				769C8C90280519A3001C55B5 /* BladesUnusedClassCheckViewController.xib */,
				B67CCDA528F2C9E3007CF975 /* BladesAutoHookViewController.swift */,
				B67CCDA628F2C9E3007CF975 /* BladesAutoHookViewController.xib */,
				B68D40BC2803D70900576C5A /* LogTextView.swift */,
				B6F86B5628068CA4006BAA34 /* Utilities.swift */,
				9580F8342924D73500266BBC /* TextDictionary.swift */,
				B6F86B592806901A006BAA34 /* SYFlatButton.h */,
				B6F86B582806901A006BAA34 /* SYFlatButton.m */,
				B68D40C12803D75600576C5A /* Help */,
				B60E1EAE280058E600D7A1A2 /* Assets.xcassets */,
				B6FA8D3128C74593001CE971 /* CaptainHook.txt */,
				B68D40BA2803D4C900576C5A /* Main.storyboard */,
				B68D40C02803D75600576C5A /* LanguageText.plist */,
				B60E1EB3280058E600D7A1A2 /* WBBlades.entitlements */,
			);
			path = WBBladesCrashApp;
			sourceTree = "<group>";
		};
		B68D40C12803D75600576C5A /* Help */ = {
			isa = PBXGroup;
			children = (
				B68D40C22803D75600576C5A /* HelpViewManager.swift */,
				B68D40C52803D75600576C5A /* HelpViewController.swift */,
				B68D40C32803D75600576C5A /* SystemCrash.plist */,
				B68D40C42803D75600576C5A /* BuglyCrash.plist */,
			);
			path = Help;
			sourceTree = "<group>";
		};
		B6D6010428005CEB00286E6A /* WBBlades */ = {
			isa = PBXGroup;
			children = (
				B602FBF32809671200D7E923 /* WBBladesRelease.entitlements */,
				B6D6010528005CEB00286E6A /* main.m */,
			);
			path = WBBlades;
			sourceTree = "<group>";
		};
/* End PBXGroup section */

/* Begin PBXNativeTarget section */
		B60E1EA6280058E400D7A1A2 /* WBBladesCrashApp */ = {
			isa = PBXNativeTarget;
			buildConfigurationList = B60E1EB6280058E600D7A1A2 /* Build configuration list for PBXNativeTarget "WBBladesCrashApp" */;
			buildPhases = (
				B4001EFE2FE00706207C90CC /* [CP] Check Pods Manifest.lock */,
				B60E1EA3280058E400D7A1A2 /* Sources */,
				B60E1EA4280058E400D7A1A2 /* Frameworks */,
				B60E1EA5280058E400D7A1A2 /* Resources */,
				31551631D458538E926D3643 /* [CP] Copy Pods Resources */,
			);
			buildRules = (
			);
			dependencies = (
			);
			name = WBBladesCrashApp;
			productName = WBBlades;
			productReference = B60E1EA7280058E400D7A1A2 /* WBBladesCrashApp.app */;
			productType = "com.apple.product-type.application";
		};
		B6D6010228005CEB00286E6A /* WBBlades */ = {
			isa = PBXNativeTarget;
			buildConfigurationList = B6D6010728005CEB00286E6A /* Build configuration list for PBXNativeTarget "WBBlades" */;
			buildPhases = (
				F622FC91FBD7CFC8FD98D778 /* [CP] Check Pods Manifest.lock */,
				B6D600FF28005CEB00286E6A /* Sources */,
				B6D6010028005CEB00286E6A /* Frameworks */,
				B6D6010128005CEB00286E6A /* CopyFiles */,
				971056B300988A9DCC5AAA59 /* [CP] Copy Pods Resources */,
			);
			buildRules = (
			);
			dependencies = (
			);
			name = WBBlades;
			productName = WBBlades;
			productReference = B6D6010328005CEB00286E6A /* blades */;
			productType = "com.apple.product-type.tool";
		};
/* End PBXNativeTarget section */

/* Begin PBXProject section */
		B60E1E9F280058E400D7A1A2 /* Project object */ = {
			isa = PBXProject;
			attributes = {
				BuildIndependentTargetsInParallel = 1;
				LastSwiftUpdateCheck = 1300;
				LastUpgradeCheck = 1300;
				TargetAttributes = {
					B60E1EA6280058E400D7A1A2 = {
						CreatedOnToolsVersion = 13.0;
						LastSwiftMigration = 1300;
					};
					B6D6010228005CEB00286E6A = {
						CreatedOnToolsVersion = 13.0;
					};
				};
			};
			buildConfigurationList = B60E1EA2280058E400D7A1A2 /* Build configuration list for PBXProject "WBBlades" */;
			compatibilityVersion = "Xcode 13.0";
			developmentRegion = en;
			hasScannedForEncodings = 0;
			knownRegions = (
				en,
				Base,
			);
			mainGroup = B60E1E9E280058E400D7A1A2;
			productRefGroup = B60E1EA8280058E400D7A1A2 /* Products */;
			projectDirPath = "";
			projectRoot = "";
			targets = (
				B60E1EA6280058E400D7A1A2 /* WBBladesCrashApp */,
				B6D6010228005CEB00286E6A /* WBBlades */,
			);
		};
/* End PBXProject section */

/* Begin PBXResourcesBuildPhase section */
		B60E1EA5280058E400D7A1A2 /* Resources */ = {
			isa = PBXResourcesBuildPhase;
			buildActionMask = 2147483647;
			files = (
				B68D40E02804147600576C5A /* BladesLibrarySizeViewController.xib in Resources */,
				B68D40BB2803D4C900576C5A /* Main.storyboard in Resources */,
				B67CCDA828F2C9E3007CF975 /* BladesAutoHookViewController.xib in Resources */,
				B68D40C82803D75700576C5A /* SystemCrash.plist in Resources */,
				769C8C92280519A3001C55B5 /* BladesUnusedClassCheckViewController.xib in Resources */,
				B68D40D8280402D800576C5A /* BladesDispatchViewController.xib in Resources */,
				B6FA8D3228C74593001CE971 /* CaptainHook.txt in Resources */,
				B68D40C62803D75700576C5A /* LanguageText.plist in Resources */,
				B60E1EAF280058E600D7A1A2 /* Assets.xcassets in Resources */,
				B68D40C92803D75700576C5A /* BuglyCrash.plist in Resources */,
			);
			runOnlyForDeploymentPostprocessing = 0;
		};
/* End PBXResourcesBuildPhase section */

/* Begin PBXShellScriptBuildPhase section */
		31551631D458538E926D3643 /* [CP] Copy Pods Resources */ = {
			isa = PBXShellScriptBuildPhase;
			buildActionMask = 2147483647;
			files = (
			);
			inputFileListPaths = (
				"${PODS_ROOT}/Target Support Files/Pods-WBBladesCrashApp/Pods-WBBladesCrashApp-resources-${CONFIGURATION}-input-files.xcfilelist",
			);
			name = "[CP] Copy Pods Resources";
			outputFileListPaths = (
				"${PODS_ROOT}/Target Support Files/Pods-WBBladesCrashApp/Pods-WBBladesCrashApp-resources-${CONFIGURATION}-output-files.xcfilelist",
			);
			runOnlyForDeploymentPostprocessing = 0;
			shellPath = /bin/sh;
			shellScript = "\"${PODS_ROOT}/Target Support Files/Pods-WBBladesCrashApp/Pods-WBBladesCrashApp-resources.sh\"\n";
			showEnvVarsInLog = 0;
		};
		971056B300988A9DCC5AAA59 /* [CP] Copy Pods Resources */ = {
			isa = PBXShellScriptBuildPhase;
			buildActionMask = 2147483647;
			files = (
			);
			inputFileListPaths = (
				"${PODS_ROOT}/Target Support Files/Pods-WBBlades/Pods-WBBlades-resources-${CONFIGURATION}-input-files.xcfilelist",
			);
			name = "[CP] Copy Pods Resources";
			outputFileListPaths = (
				"${PODS_ROOT}/Target Support Files/Pods-WBBlades/Pods-WBBlades-resources-${CONFIGURATION}-output-files.xcfilelist",
			);
			runOnlyForDeploymentPostprocessing = 0;
			shellPath = /bin/sh;
			shellScript = "\"${PODS_ROOT}/Target Support Files/Pods-WBBlades/Pods-WBBlades-resources.sh\"\n";
			showEnvVarsInLog = 0;
		};
		B4001EFE2FE00706207C90CC /* [CP] Check Pods Manifest.lock */ = {
			isa = PBXShellScriptBuildPhase;
			buildActionMask = 2147483647;
			files = (
			);
			inputFileListPaths = (
			);
			inputPaths = (
				"${PODS_PODFILE_DIR_PATH}/Podfile.lock",
				"${PODS_ROOT}/Manifest.lock",
			);
			name = "[CP] Check Pods Manifest.lock";
			outputFileListPaths = (
			);
			outputPaths = (
				"$(DERIVED_FILE_DIR)/Pods-WBBladesCrashApp-checkManifestLockResult.txt",
			);
			runOnlyForDeploymentPostprocessing = 0;
			shellPath = /bin/sh;
			shellScript = "diff \"${PODS_PODFILE_DIR_PATH}/Podfile.lock\" \"${PODS_ROOT}/Manifest.lock\" > /dev/null\nif [ $? != 0 ] ; then\n    # print error to STDERR\n    echo \"error: The sandbox is not in sync with the Podfile.lock. Run 'pod install' or update your CocoaPods installation.\" >&2\n    exit 1\nfi\n# This output is used by Xcode 'outputs' to avoid re-running this script phase.\necho \"SUCCESS\" > \"${SCRIPT_OUTPUT_FILE_0}\"\n";
			showEnvVarsInLog = 0;
		};
		F622FC91FBD7CFC8FD98D778 /* [CP] Check Pods Manifest.lock */ = {
			isa = PBXShellScriptBuildPhase;
			buildActionMask = 2147483647;
			files = (
			);
			inputFileListPaths = (
			);
			inputPaths = (
				"${PODS_PODFILE_DIR_PATH}/Podfile.lock",
				"${PODS_ROOT}/Manifest.lock",
			);
			name = "[CP] Check Pods Manifest.lock";
			outputFileListPaths = (
			);
			outputPaths = (
				"$(DERIVED_FILE_DIR)/Pods-WBBlades-checkManifestLockResult.txt",
			);
			runOnlyForDeploymentPostprocessing = 0;
			shellPath = /bin/sh;
			shellScript = "diff \"${PODS_PODFILE_DIR_PATH}/Podfile.lock\" \"${PODS_ROOT}/Manifest.lock\" > /dev/null\nif [ $? != 0 ] ; then\n    # print error to STDERR\n    echo \"error: The sandbox is not in sync with the Podfile.lock. Run 'pod install' or update your CocoaPods installation.\" >&2\n    exit 1\nfi\n# This output is used by Xcode 'outputs' to avoid re-running this script phase.\necho \"SUCCESS\" > \"${SCRIPT_OUTPUT_FILE_0}\"\n";
			showEnvVarsInLog = 0;
		};
/* End PBXShellScriptBuildPhase section */

/* Begin PBXSourcesBuildPhase section */
		B60E1EA3280058E400D7A1A2 /* Sources */ = {
			isa = PBXSourcesBuildPhase;
			buildActionMask = 2147483647;
			files = (
				9580F8352924D73500266BBC /* TextDictionary.swift in Sources */,
				B60E1EAD280058E400D7A1A2 /* ViewController.swift in Sources */,
				B68D40CA2803D75700576C5A /* HelpViewController.swift in Sources */,
				B68D40BD2803D70900576C5A /* LogTextView.swift in Sources */,
				B68D40D7280402D800576C5A /* BladesDispatchViewController.swift in Sources */,
				B6F86B5728068CA4006BAA34 /* Utilities.swift in Sources */,
				B67CCDA728F2C9E3007CF975 /* BladesAutoHookViewController.swift in Sources */,
				769C8C91280519A3001C55B5 /* BladesUnusedClassCheckViewController.swift in Sources */,
				B68D40C72803D75700576C5A /* HelpViewManager.swift in Sources */,
				B68D40CC2803D7BD00576C5A /* BladesViewController.swift in Sources */,
				B60E1EAB280058E400D7A1A2 /* AppDelegate.swift in Sources */,
				B6F86B5A2806901A006BAA34 /* SYFlatButton.m in Sources */,
				B68D40DF2804147600576C5A /* BladesLibrarySizeViewController.swift in Sources */,
			);
			runOnlyForDeploymentPostprocessing = 0;
		};
		B6D600FF28005CEB00286E6A /* Sources */ = {
			isa = PBXSourcesBuildPhase;
			buildActionMask = 2147483647;
			files = (
				B6D6010628005CEB00286E6A /* main.m in Sources */,
			);
			runOnlyForDeploymentPostprocessing = 0;
		};
/* End PBXSourcesBuildPhase section */

/* Begin XCBuildConfiguration section */
		B60E1EB4280058E600D7A1A2 /* Debug */ = {
			isa = XCBuildConfiguration;
			buildSettings = {
				ALWAYS_SEARCH_USER_PATHS = NO;
				CLANG_ANALYZER_NONNULL = YES;
				CLANG_ANALYZER_NUMBER_OBJECT_CONVERSION = YES_AGGRESSIVE;
				CLANG_ANALYZER_USE_AFTER_MOVE = NO;
				CLANG_CXX_LANGUAGE_STANDARD = "gnu++17";
				CLANG_CXX_LIBRARY = "libc++";
				CLANG_ENABLE_MODULES = YES;
				CLANG_ENABLE_OBJC_ARC = YES;
				CLANG_ENABLE_OBJC_WEAK = YES;
				CLANG_TIDY_BUGPRONE_MOVE_FORWARDING_REFERENCE = NO;
				CLANG_WARN_BLOCK_CAPTURE_AUTORELEASING = YES;
				CLANG_WARN_BOOL_CONVERSION = YES;
				CLANG_WARN_COMMA = YES;
				CLANG_WARN_CONSTANT_CONVERSION = YES;
				CLANG_WARN_DEPRECATED_OBJC_IMPLEMENTATIONS = YES;
				CLANG_WARN_DIRECT_OBJC_ISA_USAGE = YES_ERROR;
				CLANG_WARN_DOCUMENTATION_COMMENTS = YES;
				CLANG_WARN_EMPTY_BODY = YES;
				CLANG_WARN_ENUM_CONVERSION = YES;
				CLANG_WARN_INFINITE_RECURSION = YES;
				CLANG_WARN_INT_CONVERSION = YES;
				CLANG_WARN_NON_LITERAL_NULL_CONVERSION = YES;
				CLANG_WARN_OBJC_IMPLICIT_RETAIN_SELF = YES;
				CLANG_WARN_OBJC_LITERAL_CONVERSION = YES;
				CLANG_WARN_OBJC_ROOT_CLASS = YES_ERROR;
				CLANG_WARN_QUOTED_INCLUDE_IN_FRAMEWORK_HEADER = YES;
				CLANG_WARN_RANGE_LOOP_ANALYSIS = YES;
				CLANG_WARN_STRICT_PROTOTYPES = YES;
				CLANG_WARN_SUSPICIOUS_MOVE = YES;
				CLANG_WARN_UNGUARDED_AVAILABILITY = YES_AGGRESSIVE;
				CLANG_WARN_UNREACHABLE_CODE = YES;
				CLANG_WARN__DUPLICATE_METHOD_MATCH = YES;
				COPY_PHASE_STRIP = NO;
				DEBUG_INFORMATION_FORMAT = dwarf;
				ENABLE_APP_SANDBOX = NO;
				ENABLE_STRICT_OBJC_MSGSEND = YES;
				ENABLE_TESTABILITY = YES;
				GCC_C_LANGUAGE_STANDARD = gnu11;
				GCC_DYNAMIC_NO_PIC = NO;
				GCC_NO_COMMON_BLOCKS = YES;
				GCC_OPTIMIZATION_LEVEL = 0;
				GCC_PREPROCESSOR_DEFINITIONS = (
					"DEBUG=1",
					"$(inherited)",
				);
				GCC_WARN_64_TO_32_BIT_CONVERSION = YES;
				GCC_WARN_ABOUT_RETURN_TYPE = YES_ERROR;
				GCC_WARN_UNDECLARED_SELECTOR = YES;
				GCC_WARN_UNINITIALIZED_AUTOS = YES_AGGRESSIVE;
				GCC_WARN_UNUSED_FUNCTION = YES;
				GCC_WARN_UNUSED_VARIABLE = YES;
				MACOSX_DEPLOYMENT_TARGET = 11.3;
				MTL_ENABLE_DEBUG_INFO = INCLUDE_SOURCE;
				MTL_FAST_MATH = YES;
				ONLY_ACTIVE_ARCH = YES;
				SDKROOT = macosx;
				SWIFT_ACTIVE_COMPILATION_CONDITIONS = DEBUG;
				SWIFT_OPTIMIZATION_LEVEL = "-Onone";
			};
			name = Debug;
		};
		B60E1EB5280058E600D7A1A2 /* Release */ = {
			isa = XCBuildConfiguration;
			buildSettings = {
				ALWAYS_SEARCH_USER_PATHS = NO;
				CLANG_ANALYZER_NONNULL = YES;
				CLANG_ANALYZER_NUMBER_OBJECT_CONVERSION = YES_AGGRESSIVE;
				CLANG_ANALYZER_USE_AFTER_MOVE = NO;
				CLANG_CXX_LANGUAGE_STANDARD = "gnu++17";
				CLANG_CXX_LIBRARY = "libc++";
				CLANG_ENABLE_MODULES = YES;
				CLANG_ENABLE_OBJC_ARC = YES;
				CLANG_ENABLE_OBJC_WEAK = YES;
				CLANG_TIDY_BUGPRONE_MOVE_FORWARDING_REFERENCE = NO;
				CLANG_WARN_BLOCK_CAPTURE_AUTORELEASING = YES;
				CLANG_WARN_BOOL_CONVERSION = YES;
				CLANG_WARN_COMMA = YES;
				CLANG_WARN_CONSTANT_CONVERSION = YES;
				CLANG_WARN_DEPRECATED_OBJC_IMPLEMENTATIONS = YES;
				CLANG_WARN_DIRECT_OBJC_ISA_USAGE = YES_ERROR;
				CLANG_WARN_DOCUMENTATION_COMMENTS = YES;
				CLANG_WARN_EMPTY_BODY = YES;
				CLANG_WARN_ENUM_CONVERSION = YES;
				CLANG_WARN_INFINITE_RECURSION = YES;
				CLANG_WARN_INT_CONVERSION = YES;
				CLANG_WARN_NON_LITERAL_NULL_CONVERSION = YES;
				CLANG_WARN_OBJC_IMPLICIT_RETAIN_SELF = YES;
				CLANG_WARN_OBJC_LITERAL_CONVERSION = YES;
				CLANG_WARN_OBJC_ROOT_CLASS = YES_ERROR;
				CLANG_WARN_QUOTED_INCLUDE_IN_FRAMEWORK_HEADER = YES;
				CLANG_WARN_RANGE_LOOP_ANALYSIS = YES;
				CLANG_WARN_STRICT_PROTOTYPES = YES;
				CLANG_WARN_SUSPICIOUS_MOVE = YES;
				CLANG_WARN_UNGUARDED_AVAILABILITY = YES_AGGRESSIVE;
				CLANG_WARN_UNREACHABLE_CODE = YES;
				CLANG_WARN__DUPLICATE_METHOD_MATCH = YES;
				COPY_PHASE_STRIP = NO;
				DEBUG_INFORMATION_FORMAT = "dwarf-with-dsym";
				ENABLE_APP_SANDBOX = NO;
				ENABLE_NS_ASSERTIONS = NO;
				ENABLE_STRICT_OBJC_MSGSEND = YES;
				GCC_C_LANGUAGE_STANDARD = gnu11;
				GCC_NO_COMMON_BLOCKS = YES;
				GCC_WARN_64_TO_32_BIT_CONVERSION = YES;
				GCC_WARN_ABOUT_RETURN_TYPE = YES_ERROR;
				GCC_WARN_UNDECLARED_SELECTOR = YES;
				GCC_WARN_UNINITIALIZED_AUTOS = YES_AGGRESSIVE;
				GCC_WARN_UNUSED_FUNCTION = YES;
				GCC_WARN_UNUSED_VARIABLE = YES;
				MACOSX_DEPLOYMENT_TARGET = 11.3;
				MTL_ENABLE_DEBUG_INFO = NO;
				MTL_FAST_MATH = YES;
				SDKROOT = macosx;
				SWIFT_COMPILATION_MODE = wholemodule;
				SWIFT_OPTIMIZATION_LEVEL = "-O";
			};
			name = Release;
		};
		B60E1EB7280058E600D7A1A2 /* Debug */ = {
			isa = XCBuildConfiguration;
			baseConfigurationReference = 090B6012A2DBEEE073206387 /* Pods-WBBladesCrashApp.debug.xcconfig */;
			buildSettings = {
				ASSETCATALOG_COMPILER_APPICON_NAME = AppIcon;
				ASSETCATALOG_COMPILER_GLOBAL_ACCENT_COLOR_NAME = AccentColor;
				CLANG_CXX_LANGUAGE_STANDARD = "gnu++20";
				CLANG_CXX_LIBRARY = "libc++";
				CLANG_ENABLE_MODULES = YES;
				CODE_SIGN_ENTITLEMENTS = WBBladesCrashApp/WBBladesCrashAppDebug.entitlements;
				CODE_SIGN_STYLE = Manual;
				COMBINE_HIDPI_IMAGES = YES;
				CURRENT_PROJECT_VERSION = 1;
				DEVELOPMENT_TEAM = "";
				ENABLE_APP_SANDBOX = NO;
				ENABLE_HARDENED_RUNTIME = NO;
				GCC_C_LANGUAGE_STANDARD = "compiler-default";
				GENERATE_INFOPLIST_FILE = YES;
				INFOPLIST_FILE = WBBladesCrashApp/Info.plist;
				INFOPLIST_KEY_NSHumanReadableCopyright = "";
				INFOPLIST_KEY_NSMainStoryboardFile = Main;
				INFOPLIST_KEY_NSPrincipalClass = NSApplication;
				LD_RUNPATH_SEARCH_PATHS = (
					"$(inherited)",
					"@executable_path/../Frameworks",
				);
				LIBRARY_SEARCH_PATHS = (
					"$(inherited)",
					"$(SDKROOT)/usr/lib/swift",
					"$(PROJECT_DIR)/WBBladesCrashApp",
					"$(PROJECT_DIR)",
				);
				MACOSX_DEPLOYMENT_TARGET = 10.15;
				MARKETING_VERSION = 1.0;
				PRODUCT_BUNDLE_IDENTIFIER = com.jiangyan.app.WBBlades;
				PRODUCT_NAME = "$(TARGET_NAME)";
				PROVISIONING_PROFILE_SPECIFIER = "";
				SWIFT_EMIT_LOC_STRINGS = YES;
				SWIFT_OBJC_BRIDGING_HEADER = "WBBladesCrashApp/WBBladesCrashApp-Bridging-Header.h";
				SWIFT_OPTIMIZATION_LEVEL = "-Onone";
				SWIFT_VERSION = 5.0;
			};
			name = Debug;
		};
		B60E1EB8280058E600D7A1A2 /* Release */ = {
			isa = XCBuildConfiguration;
			baseConfigurationReference = C52B6F9D8034FFD07637D05B /* Pods-WBBladesCrashApp.release.xcconfig */;
			buildSettings = {
				ASSETCATALOG_COMPILER_APPICON_NAME = AppIcon;
				ASSETCATALOG_COMPILER_GLOBAL_ACCENT_COLOR_NAME = AccentColor;
				CLANG_CXX_LANGUAGE_STANDARD = "gnu++20";
				CLANG_CXX_LIBRARY = "libc++";
				CLANG_ENABLE_MODULES = YES;
				CODE_SIGN_ENTITLEMENTS = WBBladesCrashApp/WBBladesCrashApp.entitlements;
				CODE_SIGN_IDENTITY = "-";
				CODE_SIGN_STYLE = Manual;
				COMBINE_HIDPI_IMAGES = YES;
				CURRENT_PROJECT_VERSION = 1;
				DEVELOPMENT_TEAM = EJA352Y795;
				ENABLE_APP_SANDBOX = NO;
				GCC_C_LANGUAGE_STANDARD = "compiler-default";
				GENERATE_INFOPLIST_FILE = YES;
				INFOPLIST_FILE = WBBladesCrashApp/Info.plist;
				INFOPLIST_KEY_NSHumanReadableCopyright = "";
				INFOPLIST_KEY_NSMainStoryboardFile = Main;
				INFOPLIST_KEY_NSPrincipalClass = NSApplication;
				LD_RUNPATH_SEARCH_PATHS = (
					"$(inherited)",
					"@executable_path/../Frameworks",
				);
				LIBRARY_SEARCH_PATHS = (
					"$(inherited)",
					"$(SDKROOT)/usr/lib/swift",
					"$(PROJECT_DIR)/WBBladesCrashApp",
					"$(PROJECT_DIR)",
				);
				MACOSX_DEPLOYMENT_TARGET = 10.15;
				MARKETING_VERSION = 1.0;
				PRODUCT_BUNDLE_IDENTIFIER = com.app.WBBlades;
				PRODUCT_NAME = "$(TARGET_NAME)";
				PROVISIONING_PROFILE_SPECIFIER = "";
				SWIFT_EMIT_LOC_STRINGS = YES;
				SWIFT_OBJC_BRIDGING_HEADER = "WBBladesCrashApp/WBBladesCrashApp-Bridging-Header.h";
				SWIFT_VERSION = 5.0;
			};
			name = Release;
		};
		B6D6010828005CEB00286E6A /* Debug */ = {
			isa = XCBuildConfiguration;
			baseConfigurationReference = 8BF5130117F4725AFFD3A177 /* Pods-WBBlades.debug.xcconfig */;
			buildSettings = {
				CODE_SIGN_STYLE = Automatic;
				LIBRARY_SEARCH_PATHS = (
					"$(inherited)",
					"$(SDKROOT)/usr/lib/swift",
					"$(PROJECT_DIR)",
				);
				MACOSX_DEPLOYMENT_TARGET = 10.15;
				PRODUCT_NAME = blades;
			};
			name = Debug;
		};
		B6D6010928005CEB00286E6A /* Release */ = {
			isa = XCBuildConfiguration;
			baseConfigurationReference = 33D9340F0B739868BBFB3E57 /* Pods-WBBlades.release.xcconfig */;
			buildSettings = {
				CODE_SIGN_ENTITLEMENTS = WBBlades/WBBladesRelease.entitlements;
				CODE_SIGN_STYLE = Automatic;
				LIBRARY_SEARCH_PATHS = (
					"$(inherited)",
					"$(SDKROOT)/usr/lib/swift",
					"$(PROJECT_DIR)",
				);
				MACOSX_DEPLOYMENT_TARGET = 10.15;
				PRODUCT_NAME = blades;
			};
			name = Release;
		};
/* End XCBuildConfiguration section */

/* Begin XCConfigurationList section */
		B60E1EA2280058E400D7A1A2 /* Build configuration list for PBXProject "WBBlades" */ = {
			isa = XCConfigurationList;
			buildConfigurations = (
				B60E1EB4280058E600D7A1A2 /* Debug */,
				B60E1EB5280058E600D7A1A2 /* Release */,
			);
			defaultConfigurationIsVisible = 0;
			defaultConfigurationName = Release;
		};
		B60E1EB6280058E600D7A1A2 /* Build configuration list for PBXNativeTarget "WBBladesCrashApp" */ = {
			isa = XCConfigurationList;
			buildConfigurations = (
				B60E1EB7280058E600D7A1A2 /* Debug */,
				B60E1EB8280058E600D7A1A2 /* Release */,
			);
			defaultConfigurationIsVisible = 0;
			defaultConfigurationName = Release;
		};
		B6D6010728005CEB00286E6A /* Build configuration list for PBXNativeTarget "WBBlades" */ = {
			isa = XCConfigurationList;
			buildConfigurations = (
				B6D6010828005CEB00286E6A /* Debug */,
				B6D6010928005CEB00286E6A /* Release */,
			);
			defaultConfigurationIsVisible = 0;
			defaultConfigurationName = Release;
		};
/* End XCConfigurationList section */
	};
	rootObject = B60E1E9F280058E400D7A1A2 /* Project object */;
}
