PODS:
  - WBBrightMirror (1.0)

DEPENDENCIES:
  - WBBrightMirror (from `./WBBrightMirror`)

EXTERNAL SOURCES:
  WBBrightMirror:
    :path: "./WBBrightMirror"

SPEC CHECKSUMS:
  WBBrightMirror: d329fce16d782019505a0d807ce45eead19c7c3b

PODFILE CHECKSUM: d0dc772550336cfc9028afb6e6e7e0f3e8cebd06

COCOAPODS: 1.10.1
