PODS:
  - WBBrightMirror (1.0)

DEPENDENCIES:
  - WBBrightMirror (from `./WBBrightMirror`)

EXTERNAL SOURCES:
  WBBrightMirror:
    :path: "./WBBrightMirror"

SPEC CHECKSUMS:
  WBBrightMirror: d329fce16d782019505a0d807ce45eead19c7c3b

PODFILE CHECKSUM: b91852cfaf0db83653308ec6e7daa795fdd69aa0

COCOAPODS: 1.10.1
